
Microsoft Visual Studio Solution File, Format Version 12.00
# Visual Studio Version 16
VisualStudioVersion = 16.0.32002.261
MinimumVisualStudioVersion = 10.0.40219.1
Project("{9A19103F-16F7-4668-BE54-9A1E7A4F7556}") = "TestApplication", "TestApplication\TestApplication.csproj", "{5E30B596-F76F-42C9-B0B6-47E14270AD26}"
EndProject
Project("{FAE04EC0-301F-11D3-BF4B-00C04F79EFBC}") = "ModelsApi", "ModelsApi\ModelsApi.csproj", "{0996385E-693F-4F1A-86F6-14FCCC32E095}"
EndProject
Global
	GlobalSection(SolutionConfigurationPlatforms) = preSolution
		Debug|Any CPU = Debug|Any CPU
		Release|Any CPU = Release|Any CPU
	EndGlobalSection
	GlobalSection(ProjectConfigurationPlatforms) = postSolution
		{5E30B596-F76F-42C9-B0B6-47E14270AD26}.Debug|Any CPU.ActiveCfg = Debug|Any CPU
		{5E30B596-F76F-42C9-B0B6-47E14270AD26}.Debug|Any CPU.Build.0 = Debug|Any CPU
		{5E30B596-F76F-42C9-B0B6-47E14270AD26}.Release|Any CPU.ActiveCfg = Release|Any CPU
		{5E30B596-F76F-42C9-B0B6-47E14270AD26}.Release|Any CPU.Build.0 = Release|Any CPU
		{0996385E-693F-4F1A-86F6-14FCCC32E095}.Debug|Any CPU.ActiveCfg = Debug|Any CPU
		{0996385E-693F-4F1A-86F6-14FCCC32E095}.Debug|Any CPU.Build.0 = Debug|Any CPU
		{0996385E-693F-4F1A-86F6-14FCCC32E095}.Release|Any CPU.ActiveCfg = Release|Any CPU
		{0996385E-693F-4F1A-86F6-14FCCC32E095}.Release|Any CPU.Build.0 = Release|Any CPU
	EndGlobalSection
	GlobalSection(SolutionProperties) = preSolution
		HideSolutionNode = FALSE
	EndGlobalSection
	GlobalSection(ExtensibilityGlobals) = postSolution
		SolutionGuid = {EA8934FC-1D92-4627-A661-A920C6CF0DD9}
	EndGlobalSection
EndGlobal
